
Microsoft Visual Studio Solution File, Format Version 12.00
# Visual Studio Version 16
VisualStudioVersion = 25.0.1704.2
MinimumVisualStudioVersion = 10.0.40219.1
Project("{FAE04EC0-301F-11D3-BF4B-00C04F79EFBC}") = "KeyCloakTestApi1", "KeyCloakTestApi1\KeyCloakTestApi1.csproj", "{E7EF72E9-57A5-4CC2-9D24-662664474FE4}"
EndProject
Global
	GlobalSection(SolutionConfigurationPlatforms) = preSolution
		Debug|Any CPU = Debug|Any CPU
		Release|Any CPU = Release|Any CPU
	EndGlobalSection
	GlobalSection(ProjectConfigurationPlatforms) = postSolution
		{E7EF72E9-57A5-4CC2-9D24-662664474FE4}.Debug|Any CPU.ActiveCfg = Debug|Any CPU
		{E7EF72E9-57A5-4CC2-9D24-662664474FE4}.Debug|Any CPU.Build.0 = Debug|Any CPU
		{E7EF72E9-57A5-4CC2-9D24-662664474FE4}.Release|Any CPU.ActiveCfg = Release|Any CPU
		{E7EF72E9-57A5-4CC2-9D24-662664474FE4}.Release|Any CPU.Build.0 = Release|Any CPU
	EndGlobalSection
	GlobalSection(SolutionProperties) = preSolution
		HideSolutionNode = FALSE
	EndGlobalSection
	GlobalSection(ExtensibilityGlobals) = postSolution
		SolutionGuid = {09642F50-0967-46E4-9A4D-88D275AC0065}
	EndGlobalSection
EndGlobal
